
Microsoft Visual Studio Solution File, Format Version 12.00
# Visual Studio Version 17
VisualStudioVersion = 17.5.2.0
MinimumVisualStudioVersion = 10.0.40219.1
Project("{2150E333-8FDC-42A3-9474-1A3956D46DE8}") = "src", "src", "{827E0CD3-B72D-47B6-A68D-7590B98EB39B}"
EndProject
Project("{2150E333-8FDC-42A3-9474-1A3956D46DE8}") = "POIneer.Render", "POIneer.Render", "{8D70EBDE-D2BE-E5ED-6EF8-B42DB572F679}"
EndProject
Project("{FAE04EC0-301F-11D3-BF4B-00C04F79EFBC}") = "POIneer.Render", "src\POIneer.Render\POIneer.Render.csproj", "{FBD89DE4-4D15-770C-A1C6-48C8290395FE}"
EndProject
Project("{2150E333-8FDC-42A3-9474-1A3956D46DE8}") = "tests", "tests", "{0AB3BF05-4346-4AA6-1389-037BE0695223}"
EndProject
Project("{FAE04EC0-301F-11D3-BF4B-00C04F79EFBC}") = "POIneer.Render.UnitTests", "tests\POIneer.Render.UnitTests\POIneer.Render.UnitTests.csproj", "{8EEAF1D3-4347-4720-BC22-6E5C6FB4EECC}"
EndProject
Project("{FAE04EC0-301F-11D3-BF4B-00C04F79EFBC}") = "POIneer.Render.ContractTests", "tests\POIneer.Render.ContractTests\POIneer.Render.ContractTests.csproj", "{C32DF142-467E-40C3-9CFD-56F7871800B7}"
EndProject
Project("{FAE04EC0-301F-11D3-BF4B-00C04F79EFBC}") = "POIneer.Render.IntegrationTests", "tests\POIneer.Render.IntegrationTests\POIneer.Render.IntegrationTests.csproj", "{7C504690-531F-4D0A-AFE7-B68B1D94B46B}"
EndProject
Project("{FAE04EC0-301F-11D3-BF4B-00C04F79EFBC}") = "POIneer.Render.TestHelpers", "tests\POIneer.Render.TestHelpers\POIneer.Render.TestHelpers.csproj", "{04A1DC36-98C6-4105-8A2C-655869AA66F8}"
EndProject
Global
	GlobalSection(SolutionConfigurationPlatforms) = preSolution
		Debug|Any CPU = Debug|Any CPU
		Debug|x64 = Debug|x64
		Debug|x86 = Debug|x86
		Release|Any CPU = Release|Any CPU
		Release|x64 = Release|x64
		Release|x86 = Release|x86
	EndGlobalSection
	GlobalSection(ProjectConfigurationPlatforms) = postSolution
		{FBD89DE4-4D15-770C-A1C6-48C8290395FE}.Debug|Any CPU.ActiveCfg = Debug|Any CPU
		{FBD89DE4-4D15-770C-A1C6-48C8290395FE}.Debug|Any CPU.Build.0 = Debug|Any CPU
		{FBD89DE4-4D15-770C-A1C6-48C8290395FE}.Debug|x64.ActiveCfg = Debug|Any CPU
		{FBD89DE4-4D15-770C-A1C6-48C8290395FE}.Debug|x64.Build.0 = Debug|Any CPU
		{FBD89DE4-4D15-770C-A1C6-48C8290395FE}.Debug|x86.ActiveCfg = Debug|Any CPU
		{FBD89DE4-4D15-770C-A1C6-48C8290395FE}.Debug|x86.Build.0 = Debug|Any CPU
		{FBD89DE4-4D15-770C-A1C6-48C8290395FE}.Release|Any CPU.ActiveCfg = Release|Any CPU
		{FBD89DE4-4D15-770C-A1C6-48C8290395FE}.Release|Any CPU.Build.0 = Release|Any CPU
		{FBD89DE4-4D15-770C-A1C6-48C8290395FE}.Release|x64.ActiveCfg = Release|Any CPU
		{FBD89DE4-4D15-770C-A1C6-48C8290395FE}.Release|x64.Build.0 = Release|Any CPU
		{FBD89DE4-4D15-770C-A1C6-48C8290395FE}.Release|x86.ActiveCfg = Release|Any CPU
		{FBD89DE4-4D15-770C-A1C6-48C8290395FE}.Release|x86.Build.0 = Release|Any CPU
		{8EEAF1D3-4347-4720-BC22-6E5C6FB4EECC}.Debug|Any CPU.ActiveCfg = Debug|Any CPU
		{8EEAF1D3-4347-4720-BC22-6E5C6FB4EECC}.Debug|Any CPU.Build.0 = Debug|Any CPU
		{8EEAF1D3-4347-4720-BC22-6E5C6FB4EECC}.Debug|x64.ActiveCfg = Debug|Any CPU
		{8EEAF1D3-4347-4720-BC22-6E5C6FB4EECC}.Debug|x64.Build.0 = Debug|Any CPU
		{8EEAF1D3-4347-4720-BC22-6E5C6FB4EECC}.Debug|x86.ActiveCfg = Debug|Any CPU
		{8EEAF1D3-4347-4720-BC22-6E5C6FB4EECC}.Debug|x86.Build.0 = Debug|Any CPU
		{8EEAF1D3-4347-4720-BC22-6E5C6FB4EECC}.Release|Any CPU.ActiveCfg = Release|Any CPU
		{8EEAF1D3-4347-4720-BC22-6E5C6FB4EECC}.Release|Any CPU.Build.0 = Release|Any CPU
		{8EEAF1D3-4347-4720-BC22-6E5C6FB4EECC}.Release|x64.ActiveCfg = Release|Any CPU
		{8EEAF1D3-4347-4720-BC22-6E5C6FB4EECC}.Release|x64.Build.0 = Release|Any CPU
		{8EEAF1D3-4347-4720-BC22-6E5C6FB4EECC}.Release|x86.ActiveCfg = Release|Any CPU
		{8EEAF1D3-4347-4720-BC22-6E5C6FB4EECC}.Release|x86.Build.0 = Release|Any CPU
		{C32DF142-467E-40C3-9CFD-56F7871800B7}.Debug|Any CPU.ActiveCfg = Debug|Any CPU
		{C32DF142-467E-40C3-9CFD-56F7871800B7}.Debug|Any CPU.Build.0 = Debug|Any CPU
		{C32DF142-467E-40C3-9CFD-56F7871800B7}.Debug|x64.ActiveCfg = Debug|Any CPU
		{C32DF142-467E-40C3-9CFD-56F7871800B7}.Debug|x64.Build.0 = Debug|Any CPU
		{C32DF142-467E-40C3-9CFD-56F7871800B7}.Debug|x86.ActiveCfg = Debug|Any CPU
		{C32DF142-467E-40C3-9CFD-56F7871800B7}.Debug|x86.Build.0 = Debug|Any CPU
		{C32DF142-467E-40C3-9CFD-56F7871800B7}.Release|Any CPU.ActiveCfg = Release|Any CPU
		{C32DF142-467E-40C3-9CFD-56F7871800B7}.Release|Any CPU.Build.0 = Release|Any CPU
		{C32DF142-467E-40C3-9CFD-56F7871800B7}.Release|x64.ActiveCfg = Release|Any CPU
		{C32DF142-467E-40C3-9CFD-56F7871800B7}.Release|x64.Build.0 = Release|Any CPU
		{C32DF142-467E-40C3-9CFD-56F7871800B7}.Release|x86.ActiveCfg = Release|Any CPU
		{C32DF142-467E-40C3-9CFD-56F7871800B7}.Release|x86.Build.0 = Release|Any CPU
		{7C504690-531F-4D0A-AFE7-B68B1D94B46B}.Debug|Any CPU.ActiveCfg = Debug|Any CPU
		{7C504690-531F-4D0A-AFE7-B68B1D94B46B}.Debug|Any CPU.Build.0 = Debug|Any CPU
		{7C504690-531F-4D0A-AFE7-B68B1D94B46B}.Debug|x64.ActiveCfg = Debug|Any CPU
		{7C504690-531F-4D0A-AFE7-B68B1D94B46B}.Debug|x64.Build.0 = Debug|Any CPU
		{7C504690-531F-4D0A-AFE7-B68B1D94B46B}.Debug|x86.ActiveCfg = Debug|Any CPU
		{7C504690-531F-4D0A-AFE7-B68B1D94B46B}.Debug|x86.Build.0 = Debug|Any CPU
		{7C504690-531F-4D0A-AFE7-B68B1D94B46B}.Release|Any CPU.ActiveCfg = Release|Any CPU
		{7C504690-531F-4D0A-AFE7-B68B1D94B46B}.Release|Any CPU.Build.0 = Release|Any CPU
		{7C504690-531F-4D0A-AFE7-B68B1D94B46B}.Release|x64.ActiveCfg = Release|Any CPU
		{7C504690-531F-4D0A-AFE7-B68B1D94B46B}.Release|x64.Build.0 = Release|Any CPU
		{7C504690-531F-4D0A-AFE7-B68B1D94B46B}.Release|x86.ActiveCfg = Release|Any CPU
		{7C504690-531F-4D0A-AFE7-B68B1D94B46B}.Release|x86.Build.0 = Release|Any CPU
		{04A1DC36-98C6-4105-8A2C-655869AA66F8}.Debug|Any CPU.ActiveCfg = Debug|Any CPU
		{04A1DC36-98C6-4105-8A2C-655869AA66F8}.Debug|Any CPU.Build.0 = Debug|Any CPU
		{04A1DC36-98C6-4105-8A2C-655869AA66F8}.Debug|x64.ActiveCfg = Debug|Any CPU
		{04A1DC36-98C6-4105-8A2C-655869AA66F8}.Debug|x64.Build.0 = Debug|Any CPU
		{04A1DC36-98C6-4105-8A2C-655869AA66F8}.Debug|x86.ActiveCfg = Debug|Any CPU
		{04A1DC36-98C6-4105-8A2C-655869AA66F8}.Debug|x86.Build.0 = Debug|Any CPU
		{04A1DC36-98C6-4105-8A2C-655869AA66F8}.Release|Any CPU.ActiveCfg = Release|Any CPU
		{04A1DC36-98C6-4105-8A2C-655869AA66F8}.Release|Any CPU.Build.0 = Release|Any CPU
		{04A1DC36-98C6-4105-8A2C-655869AA66F8}.Release|x64.ActiveCfg = Release|Any CPU
		{04A1DC36-98C6-4105-8A2C-655869AA66F8}.Release|x64.Build.0 = Release|Any CPU
		{04A1DC36-98C6-4105-8A2C-655869AA66F8}.Release|x86.ActiveCfg = Release|Any CPU
		{04A1DC36-98C6-4105-8A2C-655869AA66F8}.Release|x86.Build.0 = Release|Any CPU
	EndGlobalSection
	GlobalSection(SolutionProperties) = preSolution
		HideSolutionNode = FALSE
	EndGlobalSection
	GlobalSection(NestedProjects) = preSolution
		{8D70EBDE-D2BE-E5ED-6EF8-B42DB572F679} = {827E0CD3-B72D-47B6-A68D-7590B98EB39B}
		{FBD89DE4-4D15-770C-A1C6-48C8290395FE} = {8D70EBDE-D2BE-E5ED-6EF8-B42DB572F679}
		{8EEAF1D3-4347-4720-BC22-6E5C6FB4EECC} = {0AB3BF05-4346-4AA6-1389-037BE0695223}
		{C32DF142-467E-40C3-9CFD-56F7871800B7} = {0AB3BF05-4346-4AA6-1389-037BE0695223}
		{7C504690-531F-4D0A-AFE7-B68B1D94B46B} = {0AB3BF05-4346-4AA6-1389-037BE0695223}
		{04A1DC36-98C6-4105-8A2C-655869AA66F8} = {0AB3BF05-4346-4AA6-1389-037BE0695223}
	EndGlobalSection
	GlobalSection(ExtensibilityGlobals) = postSolution
		SolutionGuid = {CD41D2A6-340D-40A8-A3DF-38B7B6069F9C}
	EndGlobalSection
EndGlobal
